
Microsoft Visual Studio Solution File, Format Version 11.00
# Visual Studio 2010
Project("{FAE04EC0-301F-11D3-BF4B-00C04F79EFBC}") = "Assembly-CSharp", "Assembly-CSharp.csproj", "{da33c5be-6a4f-24d9-47b5-f415c93df3bb}"
EndProject
Global
	GlobalSection(SolutionConfigurationPlatforms) = preSolution
		Debug|Any CPU = Debug|Any CPU
		Release|Any CPU = Release|Any CPU
	EndGlobalSection
	GlobalSection(ProjectConfigurationPlatforms) = postSolution
		{da33c5be-6a4f-24d9-47b5-f415c93df3bb}.Debug|Any CPU.ActiveCfg = Debug|Any CPU
		{da33c5be-6a4f-24d9-47b5-f415c93df3bb}.Debug|Any CPU.Build.0 = Debug|Any CPU
		{da33c5be-6a4f-24d9-47b5-f415c93df3bb}.Release|Any CPU.ActiveCfg = Release|Any CPU
		{da33c5be-6a4f-24d9-47b5-f415c93df3bb}.Release|Any CPU.Build.0 = Release|Any CPU
	EndGlobalSection
	GlobalSection(SolutionProperties) = preSolution
		HideSolutionNode = FALSE
	EndGlobalSection
EndGlobal
